
Microsoft Visual Studio Solution File, Format Version 12.00
# Visual Studio Version 16
VisualStudioVersion = 16.0.31205.134
MinimumVisualStudioVersion = 10.0.40219.1
Project("{8BC9CEB8-8B4A-11D0-8D11-00A0C91BC942}") = "1 常用遍历算法", "1 常用遍历算法.vcxproj", "{D83C8956-0011-488B-982B-49748153286B}"
EndProject
Global
	GlobalSection(SolutionConfigurationPlatforms) = preSolution
		Debug|x64 = Debug|x64
		Debug|x86 = Debug|x86
		Release|x64 = Release|x64
		Release|x86 = Release|x86
	EndGlobalSection
	GlobalSection(ProjectConfigurationPlatforms) = postSolution
		{D83C8956-0011-488B-982B-49748153286B}.Debug|x64.ActiveCfg = Debug|x64
		{D83C8956-0011-488B-982B-49748153286B}.Debug|x64.Build.0 = Debug|x64
		{D83C8956-0011-488B-982B-49748153286B}.Debug|x86.ActiveCfg = Debug|Win32
		{D83C8956-0011-488B-982B-49748153286B}.Debug|x86.Build.0 = Debug|Win32
		{D83C8956-0011-488B-982B-49748153286B}.Release|x64.ActiveCfg = Release|x64
		{D83C8956-0011-488B-982B-49748153286B}.Release|x64.Build.0 = Release|x64
		{D83C8956-0011-488B-982B-49748153286B}.Release|x86.ActiveCfg = Release|Win32
		{D83C8956-0011-488B-982B-49748153286B}.Release|x86.Build.0 = Release|Win32
	EndGlobalSection
	GlobalSection(SolutionProperties) = preSolution
		HideSolutionNode = FALSE
	EndGlobalSection
	GlobalSection(ExtensibilityGlobals) = postSolution
		SolutionGuid = {256A1B53-8F66-47E6-B893-4DD2018605BD}
	EndGlobalSection
EndGlobal
