
Microsoft Visual Studio Solution File, Format Version 12.00
# Visual Studio Version 16
VisualStudioVersion = 16.0.31205.134
MinimumVisualStudioVersion = 10.0.40219.1
Project("{8BC9CEB8-8B4A-11D0-8D11-00A0C91BC942}") = "1.3.4 类模板对象做函数参数", "1.3.4 类模板对象做函数参数\1.3.4 类模板对象做函数参数.vcxproj", "{27BCB734-F6E3-44E3-BCB5-D3FF7BC0752C}"
EndProject
Global
	GlobalSection(SolutionConfigurationPlatforms) = preSolution
		Debug|x64 = Debug|x64
		Debug|x86 = Debug|x86
		Release|x64 = Release|x64
		Release|x86 = Release|x86
	EndGlobalSection
	GlobalSection(ProjectConfigurationPlatforms) = postSolution
		{27BCB734-F6E3-44E3-BCB5-D3FF7BC0752C}.Debug|x64.ActiveCfg = Debug|x64
		{27BCB734-F6E3-44E3-BCB5-D3FF7BC0752C}.Debug|x64.Build.0 = Debug|x64
		{27BCB734-F6E3-44E3-BCB5-D3FF7BC0752C}.Debug|x86.ActiveCfg = Debug|Win32
		{27BCB734-F6E3-44E3-BCB5-D3FF7BC0752C}.Debug|x86.Build.0 = Debug|Win32
		{27BCB734-F6E3-44E3-BCB5-D3FF7BC0752C}.Release|x64.ActiveCfg = Release|x64
		{27BCB734-F6E3-44E3-BCB5-D3FF7BC0752C}.Release|x64.Build.0 = Release|x64
		{27BCB734-F6E3-44E3-BCB5-D3FF7BC0752C}.Release|x86.ActiveCfg = Release|Win32
		{27BCB734-F6E3-44E3-BCB5-D3FF7BC0752C}.Release|x86.Build.0 = Release|Win32
	EndGlobalSection
	GlobalSection(SolutionProperties) = preSolution
		HideSolutionNode = FALSE
	EndGlobalSection
	GlobalSection(ExtensibilityGlobals) = postSolution
		SolutionGuid = {9A3A5F5D-39CF-4018-8D03-FB79C62556CC}
	EndGlobalSection
EndGlobal
